
Microsoft Visual Studio Solution File, Format Version 12.00
# Visual Studio Version 16
VisualStudioVersion = 16.0.31410.357
MinimumVisualStudioVersion = 10.0.40219.1
Project("{FAE04EC0-301F-11D3-BF4B-00C04F79EFBC}") = "GeneralStore.MVC", "GeneralStore.MVC\GeneralStore.MVC.csproj", "{1C9308AA-F475-4601-A891-ABBF6D7A3944}"
EndProject
Global
	GlobalSection(SolutionConfigurationPlatforms) = preSolution
		Debug|Any CPU = Debug|Any CPU
		Release|Any CPU = Release|Any CPU
	EndGlobalSection
	GlobalSection(ProjectConfigurationPlatforms) = postSolution
		{1C9308AA-F475-4601-A891-ABBF6D7A3944}.Debug|Any CPU.ActiveCfg = Debug|Any CPU
		{1C9308AA-F475-4601-A891-ABBF6D7A3944}.Debug|Any CPU.Build.0 = Debug|Any CPU
		{1C9308AA-F475-4601-A891-ABBF6D7A3944}.Release|Any CPU.ActiveCfg = Release|Any CPU
		{1C9308AA-F475-4601-A891-ABBF6D7A3944}.Release|Any CPU.Build.0 = Release|Any CPU
	EndGlobalSection
	GlobalSection(SolutionProperties) = preSolution
		HideSolutionNode = FALSE
	EndGlobalSection
	GlobalSection(ExtensibilityGlobals) = postSolution
		SolutionGuid = {C8173D1D-09EB-4253-94B2-9F90473E3FB0}
	EndGlobalSection
EndGlobal
